# This file was autogenerated by Stack.
# You should not edit this file by hand.
# For more information, please see the documentation at:
#   https://docs.haskellstack.org/en/stable/lock_files

packages:
- completed:
    hackage: simple-affine-space-0.1@sha256:09e582f2e12ce9feb251cbdacec57fa1f4a838ec63928026d98b758e89f9abd7,1931
    pantry-tree:
      size: 696
      sha256: 08850098daa8939b543a3593f57d0814488eb612f807da769762495cac577089
  original:
    hackage: simple-affine-space-0.1@sha256:09e582f2e12ce9feb251cbdacec57fa1f4a838ec63928026d98b758e89f9abd7,1931
- completed:
    hackage: Yampa-0.13.1@sha256:4612a2646c27bcd3ac55c90dbc34249303e28aa5b3bc3e0c6fa9ce58b889843c,5436
    pantry-tree:
      size: 4039
      sha256: 2ebdfafc0143a66132e1f790fc3909c93654ee89fbe468574c5c2a36070dc6b3
  original:
    hackage: Yampa-0.13.1@sha256:4612a2646c27bcd3ac55c90dbc34249303e28aa5b3bc3e0c6fa9ce58b889843c,5436
snapshots:
- completed:
    size: 545658
    url: https://raw.githubusercontent.com/commercialhaskell/stackage-snapshots/master/lts/14/12.yaml
    sha256: 26b807457213126d26b595439d705dc824dbb7618b0de6b900adc2bf6a059406
  original: lts-14.12
